
Microsoft Visual Studio Solution File, Format Version 12.00
# Visual Studio Version 17
VisualStudioVersion = 17.3.32819.101
MinimumVisualStudioVersion = 10.0.40219.1
Project("{FAE04EC0-301F-11D3-BF4B-00C04F79EFBC}") = "WebApplication2", "WebApplication2\WebApplication2.csproj", "{DA2212B2-B35C-4D80-BC54-C3E2FF1CF312}"
EndProject
Global
	GlobalSection(SolutionConfigurationPlatforms) = preSolution
		Debug|Any CPU = Debug|Any CPU
		Release|Any CPU = Release|Any CPU
	EndGlobalSection
	GlobalSection(ProjectConfigurationPlatforms) = postSolution
		{DA2212B2-B35C-4D80-BC54-C3E2FF1CF312}.Debug|Any CPU.ActiveCfg = Debug|Any CPU
		{DA2212B2-B35C-4D80-BC54-C3E2FF1CF312}.Debug|Any CPU.Build.0 = Debug|Any CPU
		{DA2212B2-B35C-4D80-BC54-C3E2FF1CF312}.Release|Any CPU.ActiveCfg = Release|Any CPU
		{DA2212B2-B35C-4D80-BC54-C3E2FF1CF312}.Release|Any CPU.Build.0 = Release|Any CPU
	EndGlobalSection
	GlobalSection(SolutionProperties) = preSolution
		HideSolutionNode = FALSE
	EndGlobalSection
	GlobalSection(ExtensibilityGlobals) = postSolution
		SolutionGuid = {595B4002-25D6-4826-9603-696FC994EEC4}
	EndGlobalSection
EndGlobal
